
Microsoft Visual Studio Solution File, Format Version 12.00
# Visual Studio Version 17
VisualStudioVersion = 17.3.32901.215
MinimumVisualStudioVersion = 10.0.40219.1
Project("{FAE04EC0-301F-11D3-BF4B-00C04F79EFBC}") = "math-1473", "math-1473\math-1473.csproj", "{282095E7-E35D-4052-9684-E56B694DC297}"
EndProject
Global
	GlobalSection(SolutionConfigurationPlatforms) = preSolution
		Debug|Any CPU = Debug|Any CPU
		Release|Any CPU = Release|Any CPU
	EndGlobalSection
	GlobalSection(ProjectConfigurationPlatforms) = postSolution
		{282095E7-E35D-4052-9684-E56B694DC297}.Debug|Any CPU.ActiveCfg = Debug|Any CPU
		{282095E7-E35D-4052-9684-E56B694DC297}.Debug|Any CPU.Build.0 = Debug|Any CPU
		{282095E7-E35D-4052-9684-E56B694DC297}.Release|Any CPU.ActiveCfg = Release|Any CPU
		{282095E7-E35D-4052-9684-E56B694DC297}.Release|Any CPU.Build.0 = Release|Any CPU
	EndGlobalSection
	GlobalSection(SolutionProperties) = preSolution
		HideSolutionNode = FALSE
	EndGlobalSection
	GlobalSection(ExtensibilityGlobals) = postSolution
		SolutionGuid = {3A8A734A-80B6-4933-8BBE-12C5AE86E71E}
	EndGlobalSection
EndGlobal
